{
  "lockfileVersion": 1,
  "workspaces": {
    "": {
      "name": "@arnaud-barre/type-lint-config",
      "dependencies": {
        "@arnaud-barre/type-lint": "^0.0.2",
        "oxlint": "^0.16.11",
      },
      "devDependencies": {
        "@arnaud-barre/prettier-plugin-sort-imports": "^0.2.1",
        "prettier": "^3.5.3",
      },
      "peerDependencies": {
        "typescript": "~5.8",
      },
    },
  },
  "packages": {
    "@arnaud-barre/prettier-plugin-sort-imports": ["@arnaud-barre/prettier-plugin-sort-imports@0.2.1", "", { "dependencies": { "prettier-oxc-parser": "^0.1.0" }, "peerDependencies": { "prettier": "^3.5.3" } }, "sha512-ClGSPiLgRAOc/TM6jtdzIboS4s/QzZFj/PvTWeTVhrddmuLTe4QEx+cyjFVTSu9Z+sdhBmmS4B/SpJVJQo2zjQ=="],

    "@arnaud-barre/type-lint": ["@arnaud-barre/type-lint@0.0.2", "", { "dependencies": { "esbuild": "^0.24.2", "ts-api-utils": "^2.0.0" }, "peerDependencies": { "typescript": "^5.6.3" }, "bin": { "type-lint": "cli.js" } }, "sha512-ic+6nXFQGyTn3CBrzJ69HUKCJogOSbZEgc4L+8CaqA3uyNDd3gs6FC1brYXgcPw2i17p7chXNhS8vWxy0RL4bw=="],

    "@emnapi/core": ["@emnapi/core@1.4.3", "", { "dependencies": { "@emnapi/wasi-threads": "1.0.2", "tslib": "^2.4.0" } }, "sha512-4m62DuCE07lw01soJwPiBGC0nAww0Q+RY70VZ+n49yDIO13yyinhbWCeNnaob0lakDtWQzSdtNWzJeOJt2ma+g=="],

    "@emnapi/runtime": ["@emnapi/runtime@1.4.3", "", { "dependencies": { "tslib": "^2.4.0" } }, "sha512-pBPWdu6MLKROBX05wSNKcNb++m5Er+KQ9QkB+WVM+pW2Kx9hoSrVTnu3BdkI5eBLZoKu/J6mW/B6i6bJB2ytXQ=="],

    "@emnapi/wasi-threads": ["@emnapi/wasi-threads@1.0.2", "", { "dependencies": { "tslib": "^2.4.0" } }, "sha512-5n3nTJblwRi8LlXkJ9eBzu+kZR8Yxcc7ubakyQTFzPMtIhFpUBRbsnc2Dv88IZDIbCDlBiWrknhB4Lsz7mg6BA=="],

    "@esbuild/aix-ppc64": ["@esbuild/aix-ppc64@0.24.2", "", { "os": "aix", "cpu": "ppc64" }, "sha512-thpVCb/rhxE/BnMLQ7GReQLLN8q9qbHmI55F4489/ByVg2aQaQ6kbcLb6FHkocZzQhxc4gx0sCk0tJkKBFzDhA=="],

    "@esbuild/android-arm": ["@esbuild/android-arm@0.24.2", "", { "os": "android", "cpu": "arm" }, "sha512-tmwl4hJkCfNHwFB3nBa8z1Uy3ypZpxqxfTQOcHX+xRByyYgunVbZ9MzUUfb0RxaHIMnbHagwAxuTL+tnNM+1/Q=="],

    "@esbuild/android-arm64": ["@esbuild/android-arm64@0.24.2", "", { "os": "android", "cpu": "arm64" }, "sha512-cNLgeqCqV8WxfcTIOeL4OAtSmL8JjcN6m09XIgro1Wi7cF4t/THaWEa7eL5CMoMBdjoHOTh/vwTO/o2TRXIyzg=="],

    "@esbuild/android-x64": ["@esbuild/android-x64@0.24.2", "", { "os": "android", "cpu": "x64" }, "sha512-B6Q0YQDqMx9D7rvIcsXfmJfvUYLoP722bgfBlO5cGvNVb5V/+Y7nhBE3mHV9OpxBf4eAS2S68KZztiPaWq4XYw=="],

    "@esbuild/darwin-arm64": ["@esbuild/darwin-arm64@0.24.2", "", { "os": "darwin", "cpu": "arm64" }, "sha512-kj3AnYWc+CekmZnS5IPu9D+HWtUI49hbnyqk0FLEJDbzCIQt7hg7ucF1SQAilhtYpIujfaHr6O0UHlzzSPdOeA=="],

    "@esbuild/darwin-x64": ["@esbuild/darwin-x64@0.24.2", "", { "os": "darwin", "cpu": "x64" }, "sha512-WeSrmwwHaPkNR5H3yYfowhZcbriGqooyu3zI/3GGpF8AyUdsrrP0X6KumITGA9WOyiJavnGZUwPGvxvwfWPHIA=="],

    "@esbuild/freebsd-arm64": ["@esbuild/freebsd-arm64@0.24.2", "", { "os": "freebsd", "cpu": "arm64" }, "sha512-UN8HXjtJ0k/Mj6a9+5u6+2eZ2ERD7Edt1Q9IZiB5UZAIdPnVKDoG7mdTVGhHJIeEml60JteamR3qhsr1r8gXvg=="],

    "@esbuild/freebsd-x64": ["@esbuild/freebsd-x64@0.24.2", "", { "os": "freebsd", "cpu": "x64" }, "sha512-TvW7wE/89PYW+IevEJXZ5sF6gJRDY/14hyIGFXdIucxCsbRmLUcjseQu1SyTko+2idmCw94TgyaEZi9HUSOe3Q=="],

    "@esbuild/linux-arm": ["@esbuild/linux-arm@0.24.2", "", { "os": "linux", "cpu": "arm" }, "sha512-n0WRM/gWIdU29J57hJyUdIsk0WarGd6To0s+Y+LwvlC55wt+GT/OgkwoXCXvIue1i1sSNWblHEig00GBWiJgfA=="],

    "@esbuild/linux-arm64": ["@esbuild/linux-arm64@0.24.2", "", { "os": "linux", "cpu": "arm64" }, "sha512-7HnAD6074BW43YvvUmE/35Id9/NB7BeX5EoNkK9obndmZBUk8xmJJeU7DwmUeN7tkysslb2eSl6CTrYz6oEMQg=="],

    "@esbuild/linux-ia32": ["@esbuild/linux-ia32@0.24.2", "", { "os": "linux", "cpu": "ia32" }, "sha512-sfv0tGPQhcZOgTKO3oBE9xpHuUqguHvSo4jl+wjnKwFpapx+vUDcawbwPNuBIAYdRAvIDBfZVvXprIj3HA+Ugw=="],

    "@esbuild/linux-loong64": ["@esbuild/linux-loong64@0.24.2", "", { "os": "linux", "cpu": "none" }, "sha512-CN9AZr8kEndGooS35ntToZLTQLHEjtVB5n7dl8ZcTZMonJ7CCfStrYhrzF97eAecqVbVJ7APOEe18RPI4KLhwQ=="],

    "@esbuild/linux-mips64el": ["@esbuild/linux-mips64el@0.24.2", "", { "os": "linux", "cpu": "none" }, "sha512-iMkk7qr/wl3exJATwkISxI7kTcmHKE+BlymIAbHO8xanq/TjHaaVThFF6ipWzPHryoFsesNQJPE/3wFJw4+huw=="],

    "@esbuild/linux-ppc64": ["@esbuild/linux-ppc64@0.24.2", "", { "os": "linux", "cpu": "ppc64" }, "sha512-shsVrgCZ57Vr2L8mm39kO5PPIb+843FStGt7sGGoqiiWYconSxwTiuswC1VJZLCjNiMLAMh34jg4VSEQb+iEbw=="],

    "@esbuild/linux-riscv64": ["@esbuild/linux-riscv64@0.24.2", "", { "os": "linux", "cpu": "none" }, "sha512-4eSFWnU9Hhd68fW16GD0TINewo1L6dRrB+oLNNbYyMUAeOD2yCK5KXGK1GH4qD/kT+bTEXjsyTCiJGHPZ3eM9Q=="],

    "@esbuild/linux-s390x": ["@esbuild/linux-s390x@0.24.2", "", { "os": "linux", "cpu": "s390x" }, "sha512-S0Bh0A53b0YHL2XEXC20bHLuGMOhFDO6GN4b3YjRLK//Ep3ql3erpNcPlEFed93hsQAjAQDNsvcK+hV90FubSw=="],

    "@esbuild/linux-x64": ["@esbuild/linux-x64@0.24.2", "", { "os": "linux", "cpu": "x64" }, "sha512-8Qi4nQcCTbLnK9WoMjdC9NiTG6/E38RNICU6sUNqK0QFxCYgoARqVqxdFmWkdonVsvGqWhmm7MO0jyTqLqwj0Q=="],

    "@esbuild/netbsd-arm64": ["@esbuild/netbsd-arm64@0.24.2", "", { "os": "none", "cpu": "arm64" }, "sha512-wuLK/VztRRpMt9zyHSazyCVdCXlpHkKm34WUyinD2lzK07FAHTq0KQvZZlXikNWkDGoT6x3TD51jKQ7gMVpopw=="],

    "@esbuild/netbsd-x64": ["@esbuild/netbsd-x64@0.24.2", "", { "os": "none", "cpu": "x64" }, "sha512-VefFaQUc4FMmJuAxmIHgUmfNiLXY438XrL4GDNV1Y1H/RW3qow68xTwjZKfj/+Plp9NANmzbH5R40Meudu8mmw=="],

    "@esbuild/openbsd-arm64": ["@esbuild/openbsd-arm64@0.24.2", "", { "os": "openbsd", "cpu": "arm64" }, "sha512-YQbi46SBct6iKnszhSvdluqDmxCJA+Pu280Av9WICNwQmMxV7nLRHZfjQzwbPs3jeWnuAhE9Jy0NrnJ12Oz+0A=="],

    "@esbuild/openbsd-x64": ["@esbuild/openbsd-x64@0.24.2", "", { "os": "openbsd", "cpu": "x64" }, "sha512-+iDS6zpNM6EnJyWv0bMGLWSWeXGN/HTaF/LXHXHwejGsVi+ooqDfMCCTerNFxEkM3wYVcExkeGXNqshc9iMaOA=="],

    "@esbuild/sunos-x64": ["@esbuild/sunos-x64@0.24.2", "", { "os": "sunos", "cpu": "x64" }, "sha512-hTdsW27jcktEvpwNHJU4ZwWFGkz2zRJUz8pvddmXPtXDzVKTTINmlmga3ZzwcuMpUvLw7JkLy9QLKyGpD2Yxig=="],

    "@esbuild/win32-arm64": ["@esbuild/win32-arm64@0.24.2", "", { "os": "win32", "cpu": "arm64" }, "sha512-LihEQ2BBKVFLOC9ZItT9iFprsE9tqjDjnbulhHoFxYQtQfai7qfluVODIYxt1PgdoyQkz23+01rzwNwYfutxUQ=="],

    "@esbuild/win32-ia32": ["@esbuild/win32-ia32@0.24.2", "", { "os": "win32", "cpu": "ia32" }, "sha512-q+iGUwfs8tncmFC9pcnD5IvRHAzmbwQ3GPS5/ceCyHdjXubwQWI12MKWSNSMYLJMq23/IUCvJMS76PDqXe1fxA=="],

    "@esbuild/win32-x64": ["@esbuild/win32-x64@0.24.2", "", { "os": "win32", "cpu": "x64" }, "sha512-7VTgWzgMGvup6aSqDPLiW5zHaxYJGTO4OokMjIlrCtf+VpEL+cXKtCvg723iguPYI5oaUNdS+/V7OU2gvXVWEg=="],

    "@napi-rs/wasm-runtime": ["@napi-rs/wasm-runtime@0.2.10", "", { "dependencies": { "@emnapi/core": "^1.4.3", "@emnapi/runtime": "^1.4.3", "@tybys/wasm-util": "^0.9.0" } }, "sha512-bCsCyeZEwVErsGmyPNSzwfwFn4OdxBj0mmv6hOFucB/k81Ojdu68RbZdxYsRQUPc9l6SU5F/cG+bXgWs3oUgsQ=="],

    "@oxc-parser/binding-darwin-arm64": ["@oxc-parser/binding-darwin-arm64@0.69.0", "", { "os": "darwin", "cpu": "arm64" }, "sha512-4kmSjKARywwCxQ9udJy8T6XJwe7LzfAf0Yy38O1DsRyK05twKgBGWBca2vfaNi4V8jpNaA6SPJi+KJE5IKLLpw=="],

    "@oxc-parser/binding-darwin-x64": ["@oxc-parser/binding-darwin-x64@0.69.0", "", { "os": "darwin", "cpu": "x64" }, "sha512-RQgFiCbv5wTXxFEKgVcUcU2l62zTZZRVXZPUiLtOf4EY0/P/H6pSK6/ATiTVAZVqy72xDE0lWONZbFcUMPwnHw=="],

    "@oxc-parser/binding-freebsd-x64": ["@oxc-parser/binding-freebsd-x64@0.69.0", "", { "os": "freebsd", "cpu": "x64" }, "sha512-LGmg4kVxq910jrvZJLT2vJYScz6+ANMoYSR2EWEbhA4HALo3I3/055dgZ8GV001ALaPPz/L6AbvxaYPVAGPRfQ=="],

    "@oxc-parser/binding-linux-arm-gnueabihf": ["@oxc-parser/binding-linux-arm-gnueabihf@0.69.0", "", { "os": "linux", "cpu": "arm" }, "sha512-Q5jWCHy82c9vYBZVQVSB8ZARLAxU5bMgVDZBHRMDB/gQJhphJaZ23wqPQ2b8b2XSoJhssQhYMV0bF600TzAfpg=="],

    "@oxc-parser/binding-linux-arm64-gnu": ["@oxc-parser/binding-linux-arm64-gnu@0.69.0", "", { "os": "linux", "cpu": "arm64" }, "sha512-PsuAduOi5Cz+YdpL3LyVBvN+h5fjHAgMCibaAfGa7ru2zr6tb6r5IAfBBj3KHkFYoyl7ztodQSnWsA2Fka3QPw=="],

    "@oxc-parser/binding-linux-arm64-musl": ["@oxc-parser/binding-linux-arm64-musl@0.69.0", "", { "os": "linux", "cpu": "arm64" }, "sha512-vOxh5Hk22YlfxuQvxRmkzT+VrAd901sDz1gkPUf2u+HCNyDMXq+O/jXn68wFQQgbkDKpAfP0z2dZfOJFkkL2Ag=="],

    "@oxc-parser/binding-linux-riscv64-gnu": ["@oxc-parser/binding-linux-riscv64-gnu@0.69.0", "", { "os": "linux", "cpu": "none" }, "sha512-5xQpOPaGgxqyUa8T7yOeXPI/tO4o7pmRV++od1XFH+HR8GvidS0J0rC7F69aqz39+i6x6rc5ZxwWADLPtR45rQ=="],

    "@oxc-parser/binding-linux-s390x-gnu": ["@oxc-parser/binding-linux-s390x-gnu@0.69.0", "", { "os": "linux", "cpu": "s390x" }, "sha512-btrmwQ/mds4We2nS/GSg03wj9iClgQkbgf6c8WWXhr4l5GmpxLH6t1LnS4s+tHpTWSY7jpegRfOwQalS5D3Y6g=="],

    "@oxc-parser/binding-linux-x64-gnu": ["@oxc-parser/binding-linux-x64-gnu@0.69.0", "", { "os": "linux", "cpu": "x64" }, "sha512-IfFNgUcdzISFausz7k6gdo1zUydJLExVrwpoCRyDYnsPovgOJHhxVZZ6sbuYbufcRh6PV/aA7G8RIvNmOVjIwQ=="],

    "@oxc-parser/binding-linux-x64-musl": ["@oxc-parser/binding-linux-x64-musl@0.69.0", "", { "os": "linux", "cpu": "x64" }, "sha512-dEOj+Lnwy2GNiAzon05Mo1DP1ptpQNbm12Bz+ZVm/vDNHY0Zbgjf7i3MpnnEywFL8NZJ1c6vSDmtDqTdnm2EBw=="],

    "@oxc-parser/binding-wasm32-wasi": ["@oxc-parser/binding-wasm32-wasi@0.69.0", "", { "dependencies": { "@napi-rs/wasm-runtime": "^0.2.9" }, "cpu": "none" }, "sha512-M7HM82ZIeIIYN3DrbN6gsM6Z2RTv/nEe2CsQdeblxmM9CfXCyi55YOxtxo1+8iYoy8NV5EGUeCOwY7YR1JAt6A=="],

    "@oxc-parser/binding-win32-arm64-msvc": ["@oxc-parser/binding-win32-arm64-msvc@0.69.0", "", { "os": "win32", "cpu": "arm64" }, "sha512-M5W0p0WGjshiCGUNugoHs+8XWgd5J2CrSHY8rYrEmp632LhHRQUGC9AwI45B6IYvnRXiK6E4zcGj/Bey2Dqhyg=="],

    "@oxc-parser/binding-win32-x64-msvc": ["@oxc-parser/binding-win32-x64-msvc@0.69.0", "", { "os": "win32", "cpu": "x64" }, "sha512-flBEF+3dJOi3Nm3b7kNxVGrtuSBGN7RNs/qWPHvq/FUP6xFEsT3hvcdNBUnzB15hPsyExptlKyihgZjYhfpgpA=="],

    "@oxc-project/types": ["@oxc-project/types@0.69.0", "", {}, "sha512-bu3gzdAlLgncoaqyqWVpMAKx4axo+j3ewvvdAt5iCLtvHB/n3Qeif67NU+2TM/ami1nV5/KVO9lxCH8paPATBA=="],

    "@oxlint/darwin-arm64": ["@oxlint/darwin-arm64@0.16.11", "", { "os": "darwin", "cpu": "arm64" }, "sha512-zjDMBVWbP/0KhzcAdlOkZaYJtoMnJEZDc2BAXqfrXQvr1JFor7vTxZUFvWKF0B1XbSNGpJPvFWmho02bjPiR3g=="],

    "@oxlint/darwin-x64": ["@oxlint/darwin-x64@0.16.11", "", { "os": "darwin", "cpu": "x64" }, "sha512-KS9Y0rs0vwvJLc9AmxI73rUWuIdJLlyAshPuSycQN+i2p8uW8r/ZBAPBB/vFyKdPaSs8j8ymPXmfN4D1yFXG9Q=="],

    "@oxlint/linux-arm64-gnu": ["@oxlint/linux-arm64-gnu@0.16.11", "", { "os": "linux", "cpu": "arm64" }, "sha512-wULkYyufJz91NAjLtZyb3ycEw9w7sg0iFoGG9rHABqRtRHkFieaFT8BjjJTvUwRf2ZolQk+YZL4edE88h85QFQ=="],

    "@oxlint/linux-arm64-musl": ["@oxlint/linux-arm64-musl@0.16.11", "", { "os": "linux", "cpu": "arm64" }, "sha512-c7Evd7fCpocr2LFzHcl9eQF0BxXZauTraIiCxpKK7ddIuCnpbuPllkMpAUE9vob20mqnGy5WLHZby9v7vqSr+Q=="],

    "@oxlint/linux-x64-gnu": ["@oxlint/linux-x64-gnu@0.16.11", "", { "os": "linux", "cpu": "x64" }, "sha512-LbjKo4seS7m6rOzw/r9H3VLvnjhuo/fFuRJ8OG6pYCbkZNtChdhk88DFN8Qr0n8Qe9PFwweIvQxXBZK7IEUu6A=="],

    "@oxlint/linux-x64-musl": ["@oxlint/linux-x64-musl@0.16.11", "", { "os": "linux", "cpu": "x64" }, "sha512-kKuIf5hD12rtmJFSe/EGv8jXi0QWwCMDpcL2F0cRVvq6RSAxwSBF/RTEq40PJBBGAf6KJeqgV9j4glxhFn5f7w=="],

    "@oxlint/win32-arm64": ["@oxlint/win32-arm64@0.16.11", "", { "os": "win32", "cpu": "arm64" }, "sha512-lx9x2EEbyHW5t2aooWtXI2AWd3WzDs+4T/p3RBp/HPp9ziwL2hEdzmjMC3DgdnbmwUmUGvfquSElF6ZGC9L5pA=="],

    "@oxlint/win32-x64": ["@oxlint/win32-x64@0.16.11", "", { "os": "win32", "cpu": "x64" }, "sha512-k/ZfoIR5V6bPoemFvMb9EJu3YkSoF2AAKhC7AfKM4tg9UfJ1Wj/9J/edTv1aRQCRTzPiWoS+W5v1SPogVE80Qg=="],

    "@tybys/wasm-util": ["@tybys/wasm-util@0.9.0", "", { "dependencies": { "tslib": "^2.4.0" } }, "sha512-6+7nlbMVX/PVDCwaIQ8nTOPveOcFLSt8GcXdx8hD0bt39uWxYT88uXzqTd4fTvqta7oeUJqudepapKNt2DYJFw=="],

    "esbuild": ["esbuild@0.24.2", "", { "optionalDependencies": { "@esbuild/aix-ppc64": "0.24.2", "@esbuild/android-arm": "0.24.2", "@esbuild/android-arm64": "0.24.2", "@esbuild/android-x64": "0.24.2", "@esbuild/darwin-arm64": "0.24.2", "@esbuild/darwin-x64": "0.24.2", "@esbuild/freebsd-arm64": "0.24.2", "@esbuild/freebsd-x64": "0.24.2", "@esbuild/linux-arm": "0.24.2", "@esbuild/linux-arm64": "0.24.2", "@esbuild/linux-ia32": "0.24.2", "@esbuild/linux-loong64": "0.24.2", "@esbuild/linux-mips64el": "0.24.2", "@esbuild/linux-ppc64": "0.24.2", "@esbuild/linux-riscv64": "0.24.2", "@esbuild/linux-s390x": "0.24.2", "@esbuild/linux-x64": "0.24.2", "@esbuild/netbsd-arm64": "0.24.2", "@esbuild/netbsd-x64": "0.24.2", "@esbuild/openbsd-arm64": "0.24.2", "@esbuild/openbsd-x64": "0.24.2", "@esbuild/sunos-x64": "0.24.2", "@esbuild/win32-arm64": "0.24.2", "@esbuild/win32-ia32": "0.24.2", "@esbuild/win32-x64": "0.24.2" }, "bin": { "esbuild": "bin/esbuild" } }, "sha512-+9egpBW8I3CD5XPe0n6BfT5fxLzxrlDzqydF3aviG+9ni1lDC/OvMHcxqEFV0+LANZG5R1bFMWfUrjVsdwxJvA=="],

    "oxc-parser": ["oxc-parser@0.69.0", "", { "dependencies": { "@oxc-project/types": "^0.69.0" }, "optionalDependencies": { "@oxc-parser/binding-darwin-arm64": "0.69.0", "@oxc-parser/binding-darwin-x64": "0.69.0", "@oxc-parser/binding-freebsd-x64": "0.69.0", "@oxc-parser/binding-linux-arm-gnueabihf": "0.69.0", "@oxc-parser/binding-linux-arm64-gnu": "0.69.0", "@oxc-parser/binding-linux-arm64-musl": "0.69.0", "@oxc-parser/binding-linux-riscv64-gnu": "0.69.0", "@oxc-parser/binding-linux-s390x-gnu": "0.69.0", "@oxc-parser/binding-linux-x64-gnu": "0.69.0", "@oxc-parser/binding-linux-x64-musl": "0.69.0", "@oxc-parser/binding-wasm32-wasi": "0.69.0", "@oxc-parser/binding-win32-arm64-msvc": "0.69.0", "@oxc-parser/binding-win32-x64-msvc": "0.69.0" } }, "sha512-6UYcFCyCIoZ2t7gyYdPHxM0BTIjM7Y5MCCTfZ2obVITcLd0lXdkbjVibMBD/qVVG+7cURF7Lw32uykU0YR3QUg=="],

    "oxlint": ["oxlint@0.16.11", "", { "optionalDependencies": { "@oxlint/darwin-arm64": "0.16.11", "@oxlint/darwin-x64": "0.16.11", "@oxlint/linux-arm64-gnu": "0.16.11", "@oxlint/linux-arm64-musl": "0.16.11", "@oxlint/linux-x64-gnu": "0.16.11", "@oxlint/linux-x64-musl": "0.16.11", "@oxlint/win32-arm64": "0.16.11", "@oxlint/win32-x64": "0.16.11" }, "bin": { "oxlint": "bin/oxlint", "oxc_language_server": "bin/oxc_language_server" } }, "sha512-JjeOwCeDfA9Y5vLswScJZlMyWBXEVz0LKKksgfkO3cgRV/XXvVzLzBEZ0h5bBiCBK1eS+jCFWh0bycECQkoWUQ=="],

    "prettier": ["prettier@3.5.3", "", { "bin": { "prettier": "bin/prettier.cjs" } }, "sha512-QQtaxnoDJeAkDvDKWCLiwIXkTgRhwYDEQCghU9Z6q03iyek/rxRh/2lC3HB7P8sWT2xC/y5JDctPLBIGzHKbhw=="],

    "prettier-oxc-parser": ["prettier-oxc-parser@0.1.0", "", { "dependencies": { "oxc-parser": "0.69.0" }, "peerDependencies": { "prettier": "^3.5.3" } }, "sha512-FYRP47UNvjylV1UTkQpgJjc/1Bw1XiAV0HdGc6Rm6buvCFpCzVlLkitAe0QWRf2+Tid8d855D4VF115u6s46lQ=="],

    "ts-api-utils": ["ts-api-utils@2.1.0", "", { "peerDependencies": { "typescript": ">=4.8.4" } }, "sha512-CUgTZL1irw8u29bzrOD/nH85jqyc74D6SshFgujOIA7osm2Rz7dYH77agkx7H4FBNxDq7Cjf+IjaX/8zwFW+ZQ=="],

    "tslib": ["tslib@2.8.1", "", {}, "sha512-oJFu94HQb+KVduSUQL7wnpmqnfmLsOA/nAh6b6EH0wCEoK0/mPeXU6c3wKDV83MkOuHPRHtSXKKU99IBazS/2w=="],

    "typescript": ["typescript@5.8.3", "", { "bin": { "tsc": "bin/tsc", "tsserver": "bin/tsserver" } }, "sha512-p1diW6TqL9L07nNxvRMM7hMMw4c5XOo/1ibL4aAIGmSAt9slTE1Xgw5KWuof2uTOvCg9BY7ZRi+GaF+7sfgPeQ=="],
  }
}
